
Microsoft Visual Studio Solution File, Format Version 12.00
# Visual Studio Version 17
VisualStudioVersion = 17.5.002.0
MinimumVisualStudioVersion = 10.0.40219.1
Project("{9A19103F-16F7-4668-BE54-9A1E7A4F7556}") = "AoC2023", "AoC2023.csproj", "{325B4672-C749-471C-98DC-2D4B8A47B663}"
EndProject
Global
	GlobalSection(SolutionConfigurationPlatforms) = preSolution
		Debug|Any CPU = Debug|Any CPU
		Release|Any CPU = Release|Any CPU
	EndGlobalSection
	GlobalSection(ProjectConfigurationPlatforms) = postSolution
		{325B4672-C749-471C-98DC-2D4B8A47B663}.Debug|Any CPU.ActiveCfg = Debug|Any CPU
		{325B4672-C749-471C-98DC-2D4B8A47B663}.Debug|Any CPU.Build.0 = Debug|Any CPU
		{325B4672-C749-471C-98DC-2D4B8A47B663}.Release|Any CPU.ActiveCfg = Release|Any CPU
		{325B4672-C749-471C-98DC-2D4B8A47B663}.Release|Any CPU.Build.0 = Release|Any CPU
	EndGlobalSection
	GlobalSection(SolutionProperties) = preSolution
		HideSolutionNode = FALSE
	EndGlobalSection
	GlobalSection(ExtensibilityGlobals) = postSolution
		SolutionGuid = {DE105038-23D1-484D-9182-45BADF2B10AE}
	EndGlobalSection
EndGlobal
